
Microsoft Visual Studio Solution File, Format Version 12.00
# Visual Studio Version 17
VisualStudioVersion = 17.0.32112.339
MinimumVisualStudioVersion = 10.0.40219.1
Project("{FAE04EC0-301F-11D3-BF4B-00C04F79EFBC}") = "ConsoleApp1", "ConsoleApp1.csproj", "{E381CB8E-446C-4BB1-B418-79F0EE3DE3A5}"
EndProject
Global
	GlobalSection(SolutionConfigurationPlatforms) = preSolution
		Debug|Any CPU = Debug|Any CPU
		Release|Any CPU = Release|Any CPU
	EndGlobalSection
	GlobalSection(ProjectConfigurationPlatforms) = postSolution
		{E381CB8E-446C-4BB1-B418-79F0EE3DE3A5}.Debug|Any CPU.ActiveCfg = Debug|Any CPU
		{E381CB8E-446C-4BB1-B418-79F0EE3DE3A5}.Debug|Any CPU.Build.0 = Debug|Any CPU
		{E381CB8E-446C-4BB1-B418-79F0EE3DE3A5}.Release|Any CPU.ActiveCfg = Release|Any CPU
		{E381CB8E-446C-4BB1-B418-79F0EE3DE3A5}.Release|Any CPU.Build.0 = Release|Any CPU
	EndGlobalSection
	GlobalSection(SolutionProperties) = preSolution
		HideSolutionNode = FALSE
	EndGlobalSection
	GlobalSection(ExtensibilityGlobals) = postSolution
		SolutionGuid = {8CBF3258-9711-4BDC-B35A-AA007B09C95D}
	EndGlobalSection
EndGlobal
